# THIS IS AN AUTOGENERATED FILE. DO NOT EDIT THIS FILE DIRECTLY.
# yarn lockfile v1


"@types/mocha@^5.2.5":
  version "5.2.5"
  resolved "https://registry.yarnpkg.com/@types/mocha/-/mocha-5.2.5.tgz#8a4accfc403c124a0bafe8a9fc61a05ec1032073"

"@types/node@^10.9.2":
  version "10.9.2"
  resolved "https://registry.yarnpkg.com/@types/node/-/node-10.9.2.tgz#f0ab8dced5cd6c56b26765e1c0d9e4fdcc9f2a00"

"@types/should@^13.0.0":
  version "13.0.0"
  resolved "https://registry.yarnpkg.com/@types/should/-/should-13.0.0.tgz#96c00117f1896177848fdecfa336313c230c879e"
  dependencies:
    should "*"

balanced-match@^1.0.0:
  version "1.0.0"
  resolved "https://registry.yarnpkg.com/balanced-match/-/balanced-match-1.0.0.tgz#89b4d199ab2bee49de164ea02b89ce462d71b767"

bencode@^1.0.0:
  version "1.0.0"
  resolved "https://registry.yarnpkg.com/bencode/-/bencode-1.0.0.tgz#0b83aea885b3547b579ada0c6a5e7739fe4d073e"
  dependencies:
    safe-buffer "^5.1.1"

bencode@^2.0.0:
  version "2.0.0"
  resolved "https://registry.yarnpkg.com/bencode/-/bencode-2.0.0.tgz#e72e6b3691d824bd03ea7aa9d752cd1d49a50027"
  dependencies:
    safe-buffer "^5.1.1"

bittorrent-dht@^7.10.0:
  version "7.10.0"
  resolved "https://registry.yarnpkg.com/bittorrent-dht/-/bittorrent-dht-7.10.0.tgz#c5d47ddb21b0003a4ce22b11202a505b350ac0ff"
  dependencies:
    bencode "^1.0.0"
    buffer-equals "^1.0.3"
    debug "^3.1.0"
    inherits "^2.0.1"
    k-bucket "^3.3.0"
    k-rpc "^4.2.1"
    lru "^3.1.0"
    randombytes "^2.0.5"
    safe-buffer "^5.0.1"
    simple-sha1 "^2.1.0"

brace-expansion@^1.1.7:
  version "1.1.11"
  resolved "https://registry.yarnpkg.com/brace-expansion/-/brace-expansion-1.1.11.tgz#3c7fcbf529d87226f3d2f52b966ff5271eb441dd"
  dependencies:
    balanced-match "^1.0.0"
    concat-map "0.0.1"

browser-stdout@1.3.1:
  version "1.3.1"
  resolved "https://registry.yarnpkg.com/browser-stdout/-/browser-stdout-1.3.1.tgz#baa559ee14ced73452229bad7326467c61fabd60"

buffer-equals@^1.0.3, buffer-equals@^1.0.4:
  version "1.0.4"
  resolved "http://registry.npmjs.org/buffer-equals/-/buffer-equals-1.0.4.tgz#0353b54fd07fd9564170671ae6f66b9cf10d27f5"

buffer-from@^1.0.0:
  version "1.1.1"
  resolved "https://registry.yarnpkg.com/buffer-from/-/buffer-from-1.1.1.tgz#32713bc028f75c02fdb710d7c7bcec1f2c6070ef"

circular-append-file@^1.0.1:
  version "1.0.1"
  resolved "https://registry.yarnpkg.com/circular-append-file/-/circular-append-file-1.0.1.tgz#5d218c5b04556cd1d2eeee697691dddd206c514b"
  dependencies:
    multistream "^2.1.0"

commander@2.15.1:
  version "2.15.1"
  resolved "https://registry.yarnpkg.com/commander/-/commander-2.15.1.tgz#df46e867d0fc2aec66a34662b406a9ccafff5b0f"

concat-map@0.0.1:
  version "0.0.1"
  resolved "https://registry.yarnpkg.com/concat-map/-/concat-map-0.0.1.tgz#d8a96bd77fd68df7793a73036a3ba0d5405d477b"

connections@^1.4.2:
  version "1.4.2"
  resolved "https://registry.yarnpkg.com/connections/-/connections-1.4.2.tgz#7890482bf5c71af6c5ca192be3136aed74428aad"

core-util-is@~1.0.0:
  version "1.0.2"
  resolved "https://registry.yarnpkg.com/core-util-is/-/core-util-is-1.0.2.tgz#b5fd54220aa2bc5ab57aab7140c940754503c1a7"

debug@3.1.0:
  version "3.1.0"
  resolved "https://registry.yarnpkg.com/debug/-/debug-3.1.0.tgz#5bb5a0672628b64149566ba16819e61518c67261"
  dependencies:
    ms "2.0.0"

debug@^2.6.9:
  version "2.6.9"
  resolved "https://registry.yarnpkg.com/debug/-/debug-2.6.9.tgz#5d128515df134ff327e90a4c93f4e077a536341f"
  dependencies:
    ms "2.0.0"

debug@^3.1.0:
  version "3.2.6"
  resolved "https://registry.yarnpkg.com/debug/-/debug-3.2.6.tgz#e83d17de16d8a7efb7717edbe5fb10135eee629b"
  dependencies:
    ms "^2.1.1"

diff@3.5.0:
  version "3.5.0"
  resolved "https://registry.yarnpkg.com/diff/-/diff-3.5.0.tgz#800c0dd1e0a8bfbc95835c202ad220fe317e5a12"

discovery-channel@^5.5.1:
  version "5.5.1"
  resolved "https://registry.yarnpkg.com/discovery-channel/-/discovery-channel-5.5.1.tgz#9af6fc7f8cecdff40dbe4f13a49463718d4cd676"
  dependencies:
    bittorrent-dht "^7.10.0"
    buffer-from "^1.0.0"
    debug "^2.6.9"
    dns-discovery "^6.0.1"
    pretty-hash "^1.0.1"
    thunky "^0.1.0"

discovery-swarm@^5.1.2:
  version "5.1.2"
  resolved "https://registry.yarnpkg.com/discovery-swarm/-/discovery-swarm-5.1.2.tgz#91be73ab07836741a1151d0a872464465830b1cc"
  dependencies:
    buffer-equals "^1.0.3"
    connections "^1.4.2"
    debug "^3.1.0"
    discovery-channel "^5.5.1"
    length-prefixed-message "^3.0.3"
    pump "^3.0.0"
    to-buffer "^1.0.1"
  optionalDependencies:
    utp-native "^1.7.2"

dns-discovery@^6.0.1:
  version "6.2.2"
  resolved "https://registry.yarnpkg.com/dns-discovery/-/dns-discovery-6.2.2.tgz#fb0b2cee35ed4e794d184c6d1be9693064f42886"
  dependencies:
    circular-append-file "^1.0.1"
    debug "^2.6.9"
    dns-socket "^3.0.0"
    lru "^2.0.0"
    minimist "^1.2.0"
    multicast-dns "^7.1.1"
    network-address "^1.1.2"
    pump "^3.0.0"
    speedometer "^1.0.0"
    unordered-set "^1.1.0"

dns-packet@^4.0.0, dns-packet@^4.1.0:
  version "4.2.0"
  resolved "http://registry.npmjs.org/dns-packet/-/dns-packet-4.2.0.tgz#3fd6f5ff5a4ec3194ed0b15312693ffe8776b343"
  dependencies:
    ip "^1.1.5"
    safe-buffer "^5.1.1"

dns-socket@^3.0.0:
  version "3.0.0"
  resolved "https://registry.yarnpkg.com/dns-socket/-/dns-socket-3.0.0.tgz#3418a3c6309656ebdb3eb0a941811a4fb0b828c5"
  dependencies:
    dns-packet "^4.1.0"

end-of-stream@^1.1.0:
  version "1.4.1"
  resolved "https://registry.yarnpkg.com/end-of-stream/-/end-of-stream-1.4.1.tgz#ed29634d19baba463b6ce6b80a37213eab71ec43"
  dependencies:
    once "^1.4.0"

escape-string-regexp@1.0.5:
  version "1.0.5"
  resolved "https://registry.yarnpkg.com/escape-string-regexp/-/escape-string-regexp-1.0.5.tgz#1b61c0562190a8dff6ae3bb2cf0200ca130b86d4"

fs.realpath@^1.0.0:
  version "1.0.0"
  resolved "https://registry.yarnpkg.com/fs.realpath/-/fs.realpath-1.0.0.tgz#1504ad2523158caa40db4a2787cb01411994ea4f"

glob@7.1.2:
  version "7.1.2"
  resolved "https://registry.yarnpkg.com/glob/-/glob-7.1.2.tgz#c19c9df9a028702d678612384a6552404c636d15"
  dependencies:
    fs.realpath "^1.0.0"
    inflight "^1.0.4"
    inherits "2"
    minimatch "^3.0.4"
    once "^1.3.0"
    path-is-absolute "^1.0.0"

growl@1.10.5:
  version "1.10.5"
  resolved "https://registry.yarnpkg.com/growl/-/growl-1.10.5.tgz#f2735dc2283674fa67478b10181059355c369e5e"

has-flag@^3.0.0:
  version "3.0.0"
  resolved "https://registry.yarnpkg.com/has-flag/-/has-flag-3.0.0.tgz#b5d454dc2199ae225699f3467e5a07f3b955bafd"

he@1.1.1:
  version "1.1.1"
  resolved "https://registry.yarnpkg.com/he/-/he-1.1.1.tgz#93410fd21b009735151f8868c2f271f3427e23fd"

inflight@^1.0.4:
  version "1.0.6"
  resolved "https://registry.yarnpkg.com/inflight/-/inflight-1.0.6.tgz#49bd6331d7d02d0c09bc910a1075ba8165b56df9"
  dependencies:
    once "^1.3.0"
    wrappy "1"

inherits@2, inherits@^2.0.1, inherits@~2.0.3:
  version "2.0.3"
  resolved "https://registry.yarnpkg.com/inherits/-/inherits-2.0.3.tgz#633c2c83e3da42a502f52466022480f4208261de"

ip@^1.1.5:
  version "1.1.5"
  resolved "https://registry.yarnpkg.com/ip/-/ip-1.1.5.tgz#bdded70114290828c0a039e72ef25f5aaec4354a"

isarray@~1.0.0:
  version "1.0.0"
  resolved "https://registry.yarnpkg.com/isarray/-/isarray-1.0.0.tgz#bb935d48582cba168c06834957a54a3e07124f11"

k-bucket@^3.3.0:
  version "3.3.1"
  resolved "https://registry.yarnpkg.com/k-bucket/-/k-bucket-3.3.1.tgz#de219f00b310ca17fdd7e2790a077d78b70d92c8"
  dependencies:
    buffer-equals "^1.0.3"
    inherits "^2.0.1"
    randombytes "^2.0.3"

k-bucket@^4.0.0:
  version "4.0.1"
  resolved "https://registry.yarnpkg.com/k-bucket/-/k-bucket-4.0.1.tgz#3fc2e5693f0b7bff90d7b6b476edd6087955d542"
  dependencies:
    inherits "^2.0.1"
    randombytes "^2.0.3"

k-rpc-socket@^1.7.2:
  version "1.8.0"
  resolved "https://registry.yarnpkg.com/k-rpc-socket/-/k-rpc-socket-1.8.0.tgz#9a4dd6a4f3795ed847ffa156579cc389990bd1f2"
  dependencies:
    bencode "^2.0.0"
    buffer-equals "^1.0.4"
    safe-buffer "^5.1.1"

k-rpc@^4.2.1:
  version "4.3.1"
  resolved "https://registry.yarnpkg.com/k-rpc/-/k-rpc-4.3.1.tgz#e2b86376c773d5919b4d3c02b9aae435fee7b318"
  dependencies:
    buffer-equals "^1.0.3"
    k-bucket "^4.0.0"
    k-rpc-socket "^1.7.2"
    randombytes "^2.0.5"
    safe-buffer "^5.1.1"

length-prefixed-message@^3.0.3:
  version "3.0.3"
  resolved "https://registry.yarnpkg.com/length-prefixed-message/-/length-prefixed-message-3.0.3.tgz#245474d69abc0614dca368dc35aa8074982a23ac"
  dependencies:
    varint "^3.0.1"

lru@^2.0.0:
  version "2.0.1"
  resolved "https://registry.yarnpkg.com/lru/-/lru-2.0.1.tgz#f979871e162e3f5ca254be46844c53d4c5364544"
  dependencies:
    inherits "^2.0.1"

lru@^3.1.0:
  version "3.1.0"
  resolved "https://registry.yarnpkg.com/lru/-/lru-3.1.0.tgz#ea7fb8546d83733396a13091d76cfeb4c06837d5"
  dependencies:
    inherits "^2.0.1"

minimatch@3.0.4, minimatch@^3.0.4:
  version "3.0.4"
  resolved "https://registry.yarnpkg.com/minimatch/-/minimatch-3.0.4.tgz#5166e286457f03306064be5497e8dbb0c3d32083"
  dependencies:
    brace-expansion "^1.1.7"

minimist@0.0.8:
  version "0.0.8"
  resolved "https://registry.yarnpkg.com/minimist/-/minimist-0.0.8.tgz#857fcabfc3397d2625b8228262e86aa7a011b05d"

minimist@^1.2.0:
  version "1.2.0"
  resolved "http://registry.npmjs.org/minimist/-/minimist-1.2.0.tgz#a35008b20f41383eec1fb914f4cd5df79a264284"

mkdirp@0.5.1:
  version "0.5.1"
  resolved "https://registry.yarnpkg.com/mkdirp/-/mkdirp-0.5.1.tgz#30057438eac6cf7f8c4767f38648d6697d75c903"
  dependencies:
    minimist "0.0.8"

mocha@5.2.0:
  version "5.2.0"
  resolved "https://registry.yarnpkg.com/mocha/-/mocha-5.2.0.tgz#6d8ae508f59167f940f2b5b3c4a612ae50c90ae6"
  dependencies:
    browser-stdout "1.3.1"
    commander "2.15.1"
    debug "3.1.0"
    diff "3.5.0"
    escape-string-regexp "1.0.5"
    glob "7.1.2"
    growl "1.10.5"
    he "1.1.1"
    minimatch "3.0.4"
    mkdirp "0.5.1"
    supports-color "5.4.0"

ms@2.0.0:
  version "2.0.0"
  resolved "https://registry.yarnpkg.com/ms/-/ms-2.0.0.tgz#5608aeadfc00be6c2901df5f9861788de0d597c8"

ms@^2.1.1:
  version "2.1.1"
  resolved "https://registry.yarnpkg.com/ms/-/ms-2.1.1.tgz#30a5864eb3ebb0a66f2ebe6d727af06a09d86e0a"

multicast-dns@^7.1.1:
  version "7.2.0"
  resolved "https://registry.yarnpkg.com/multicast-dns/-/multicast-dns-7.2.0.tgz#7aa49a7efba931a346011aa02e7d1c314a65ac77"
  dependencies:
    dns-packet "^4.0.0"
    thunky "^1.0.2"

multistream@^2.1.0:
  version "2.1.1"
  resolved "https://registry.yarnpkg.com/multistream/-/multistream-2.1.1.tgz#629d3a29bd76623489980d04519a2c365948148c"
  dependencies:
    inherits "^2.0.1"
    readable-stream "^2.0.5"

nan@^2.5.1:
  version "2.11.1"
  resolved "https://registry.yarnpkg.com/nan/-/nan-2.11.1.tgz#90e22bccb8ca57ea4cd37cc83d3819b52eea6766"

network-address@^1.1.2:
  version "1.1.2"
  resolved "https://registry.yarnpkg.com/network-address/-/network-address-1.1.2.tgz#4aa7bfd43f03f0b81c9702b13d6a858ddb326f3e"

node-gyp-build@^3.0.0:
  version "3.5.0"
  resolved "https://registry.yarnpkg.com/node-gyp-build/-/node-gyp-build-3.5.0.tgz#92f7c6517d1f90e2795a1cd49a59c6487b4f1cdb"

once@^1.3.0, once@^1.3.1, once@^1.4.0:
  version "1.4.0"
  resolved "https://registry.yarnpkg.com/once/-/once-1.4.0.tgz#583b1aa775961d4b113ac17d9c50baef9dd76bd1"
  dependencies:
    wrappy "1"

path-is-absolute@^1.0.0:
  version "1.0.1"
  resolved "https://registry.yarnpkg.com/path-is-absolute/-/path-is-absolute-1.0.1.tgz#174b9268735534ffbc7ace6bf53a5a9e1b5c5f5f"

pretty-hash@^1.0.1:
  version "1.0.1"
  resolved "https://registry.yarnpkg.com/pretty-hash/-/pretty-hash-1.0.1.tgz#16e0579188def56bdb565892bcd05a5d65324807"

process-nextick-args@~2.0.0:
  version "2.0.0"
  resolved "https://registry.yarnpkg.com/process-nextick-args/-/process-nextick-args-2.0.0.tgz#a37d732f4271b4ab1ad070d35508e8290788ffaa"

pump@^3.0.0:
  version "3.0.0"
  resolved "https://registry.yarnpkg.com/pump/-/pump-3.0.0.tgz#b4a2116815bde2f4e1ea602354e8c75565107a64"
  dependencies:
    end-of-stream "^1.1.0"
    once "^1.3.1"

randombytes@^2.0.3, randombytes@^2.0.5:
  version "2.0.6"
  resolved "https://registry.yarnpkg.com/randombytes/-/randombytes-2.0.6.tgz#d302c522948588848a8d300c932b44c24231da80"
  dependencies:
    safe-buffer "^5.1.0"

readable-stream@^2.0.5, readable-stream@^2.2.2:
  version "2.3.6"
  resolved "http://registry.npmjs.org/readable-stream/-/readable-stream-2.3.6.tgz#b11c27d88b8ff1fbe070643cf94b0c79ae1b0aaf"
  dependencies:
    core-util-is "~1.0.0"
    inherits "~2.0.3"
    isarray "~1.0.0"
    process-nextick-args "~2.0.0"
    safe-buffer "~5.1.1"
    string_decoder "~1.1.1"
    util-deprecate "~1.0.1"

rusha@^0.8.1:
  version "0.8.13"
  resolved "https://registry.yarnpkg.com/rusha/-/rusha-0.8.13.tgz#9a084e7b860b17bff3015b92c67a6a336191513a"

safe-buffer@^5.0.1, safe-buffer@^5.1.0, safe-buffer@^5.1.1, safe-buffer@~5.1.0, safe-buffer@~5.1.1:
  version "5.1.2"
  resolved "https://registry.yarnpkg.com/safe-buffer/-/safe-buffer-5.1.2.tgz#991ec69d296e0313747d59bdfd2b745c35f8828d"

should-equal@^2.0.0:
  version "2.0.0"
  resolved "https://registry.yarnpkg.com/should-equal/-/should-equal-2.0.0.tgz#6072cf83047360867e68e98b09d71143d04ee0c3"
  dependencies:
    should-type "^1.4.0"

should-format@^3.0.3:
  version "3.0.3"
  resolved "https://registry.yarnpkg.com/should-format/-/should-format-3.0.3.tgz#9bfc8f74fa39205c53d38c34d717303e277124f1"
  dependencies:
    should-type "^1.3.0"
    should-type-adaptors "^1.0.1"

should-type-adaptors@^1.0.1:
  version "1.1.0"
  resolved "https://registry.yarnpkg.com/should-type-adaptors/-/should-type-adaptors-1.1.0.tgz#401e7f33b5533033944d5cd8bf2b65027792e27a"
  dependencies:
    should-type "^1.3.0"
    should-util "^1.0.0"

should-type@^1.3.0, should-type@^1.4.0:
  version "1.4.0"
  resolved "https://registry.yarnpkg.com/should-type/-/should-type-1.4.0.tgz#0756d8ce846dfd09843a6947719dfa0d4cff5cf3"

should-util@^1.0.0:
  version "1.0.0"
  resolved "https://registry.yarnpkg.com/should-util/-/should-util-1.0.0.tgz#c98cda374aa6b190df8ba87c9889c2b4db620063"

should@*, should@13.2.3:
  version "13.2.3"
  resolved "https://registry.yarnpkg.com/should/-/should-13.2.3.tgz#96d8e5acf3e97b49d89b51feaa5ae8d07ef58f10"
  dependencies:
    should-equal "^2.0.0"
    should-format "^3.0.3"
    should-type "^1.4.0"
    should-type-adaptors "^1.0.1"
    should-util "^1.0.0"

simple-sha1@^2.1.0:
  version "2.1.1"
  resolved "https://registry.yarnpkg.com/simple-sha1/-/simple-sha1-2.1.1.tgz#93f3b7f2e8dfdc056c32793e5d47b58d311b140d"
  dependencies:
    rusha "^0.8.1"

speedometer@^1.0.0:
  version "1.1.0"
  resolved "https://registry.yarnpkg.com/speedometer/-/speedometer-1.1.0.tgz#a30b13abda45687a1a76977012c060f2ac8a7934"

string_decoder@~1.1.1:
  version "1.1.1"
  resolved "https://registry.yarnpkg.com/string_decoder/-/string_decoder-1.1.1.tgz#9cf1611ba62685d7030ae9e4ba34149c3af03fc8"
  dependencies:
    safe-buffer "~5.1.0"

supports-color@5.4.0:
  version "5.4.0"
  resolved "https://registry.yarnpkg.com/supports-color/-/supports-color-5.4.0.tgz#1c6b337402c2137605efe19f10fec390f6faab54"
  dependencies:
    has-flag "^3.0.0"

thunky@^0.1.0:
  version "0.1.0"
  resolved "http://registry.npmjs.org/thunky/-/thunky-0.1.0.tgz#bf30146824e2b6e67b0f2d7a4ac8beb26908684e"

thunky@^1.0.2:
  version "1.0.3"
  resolved "https://registry.yarnpkg.com/thunky/-/thunky-1.0.3.tgz#f5df732453407b09191dae73e2a8cc73f381a826"

to-buffer@^1.0.1:
  version "1.1.1"
  resolved "https://registry.yarnpkg.com/to-buffer/-/to-buffer-1.1.1.tgz#493bd48f62d7c43fcded313a03dcadb2e1213a80"

unordered-set@^1.1.0:
  version "1.1.0"
  resolved "https://registry.yarnpkg.com/unordered-set/-/unordered-set-1.1.0.tgz#2ba7ef316edd0b9590cc547c74f76a2f164fecca"

util-deprecate@~1.0.1:
  version "1.0.2"
  resolved "https://registry.yarnpkg.com/util-deprecate/-/util-deprecate-1.0.2.tgz#450d4dc9fa70de732762fbd2d4a28981419a0ccf"

utp-native@^1.7.2:
  version "1.7.3"
  resolved "https://registry.yarnpkg.com/utp-native/-/utp-native-1.7.3.tgz#c829724995bfcd9dfb3027389e5c0bf8ddaa0bf2"
  dependencies:
    nan "^2.5.1"
    node-gyp-build "^3.0.0"
    readable-stream "^2.2.2"

varint@^3.0.1:
  version "3.0.1"
  resolved "https://registry.yarnpkg.com/varint/-/varint-3.0.1.tgz#9d3f53e036c0ab12000a74bc2d24cbf093a581d9"

wrappy@1:
  version "1.0.2"
  resolved "https://registry.yarnpkg.com/wrappy/-/wrappy-1.0.2.tgz#b5243d8f3ec1aa35f1364605bc0d1036e30ab69f"
